
Microsoft Visual Studio Solution File, Format Version 12.00
# Visual Studio Version 17
VisualStudioVersion = 17.8.34511.84
MinimumVisualStudioVersion = 10.0.40219.1
Project("{9A19103F-16F7-4668-BE54-9A1E7A4F7556}") = "AM.UI.Console", "AM.UI.Console\AM.UI.Console.csproj", "{2E4DE2C3-26EC-49A2-AD8B-2999284163E6}"
EndProject
Project("{9A19103F-16F7-4668-BE54-9A1E7A4F7556}") = "AM.ApplicationCore", "AM.ApplicationCore\AM.ApplicationCore.csproj", "{65105255-BA02-4EAE-9BF1-F55FE286D97A}"
EndProject
Project("{9A19103F-16F7-4668-BE54-9A1E7A4F7556}") = "AM.infrastructure", "AM.infrastructure\AM.infrastructure.csproj", "{18D68513-70B3-4236-8988-B98B54181A1D}"
EndProject
Project("{FAE04EC0-301F-11D3-BF4B-00C04F79EFBC}") = "AM.UI.WEB", "AM.UI.WEB\AM.UI.WEB.csproj", "{5E9B2EAF-CB08-4AEA-9E42-3DA709B59A6D}"
EndProject
Global
	GlobalSection(SolutionConfigurationPlatforms) = preSolution
		Debug|Any CPU = Debug|Any CPU
		Release|Any CPU = Release|Any CPU
	EndGlobalSection
	GlobalSection(ProjectConfigurationPlatforms) = postSolution
		{2E4DE2C3-26EC-49A2-AD8B-2999284163E6}.Debug|Any CPU.ActiveCfg = Debug|Any CPU
		{2E4DE2C3-26EC-49A2-AD8B-2999284163E6}.Debug|Any CPU.Build.0 = Debug|Any CPU
		{2E4DE2C3-26EC-49A2-AD8B-2999284163E6}.Release|Any CPU.ActiveCfg = Release|Any CPU
		{2E4DE2C3-26EC-49A2-AD8B-2999284163E6}.Release|Any CPU.Build.0 = Release|Any CPU
		{65105255-BA02-4EAE-9BF1-F55FE286D97A}.Debug|Any CPU.ActiveCfg = Debug|Any CPU
		{65105255-BA02-4EAE-9BF1-F55FE286D97A}.Debug|Any CPU.Build.0 = Debug|Any CPU
		{65105255-BA02-4EAE-9BF1-F55FE286D97A}.Release|Any CPU.ActiveCfg = Release|Any CPU
		{65105255-BA02-4EAE-9BF1-F55FE286D97A}.Release|Any CPU.Build.0 = Release|Any CPU
		{18D68513-70B3-4236-8988-B98B54181A1D}.Debug|Any CPU.ActiveCfg = Debug|Any CPU
		{18D68513-70B3-4236-8988-B98B54181A1D}.Debug|Any CPU.Build.0 = Debug|Any CPU
		{18D68513-70B3-4236-8988-B98B54181A1D}.Release|Any CPU.ActiveCfg = Release|Any CPU
		{18D68513-70B3-4236-8988-B98B54181A1D}.Release|Any CPU.Build.0 = Release|Any CPU
		{5E9B2EAF-CB08-4AEA-9E42-3DA709B59A6D}.Debug|Any CPU.ActiveCfg = Debug|Any CPU
		{5E9B2EAF-CB08-4AEA-9E42-3DA709B59A6D}.Debug|Any CPU.Build.0 = Debug|Any CPU
		{5E9B2EAF-CB08-4AEA-9E42-3DA709B59A6D}.Release|Any CPU.ActiveCfg = Release|Any CPU
		{5E9B2EAF-CB08-4AEA-9E42-3DA709B59A6D}.Release|Any CPU.Build.0 = Release|Any CPU
	EndGlobalSection
	GlobalSection(SolutionProperties) = preSolution
		HideSolutionNode = FALSE
	EndGlobalSection
	GlobalSection(ExtensibilityGlobals) = postSolution
		SolutionGuid = {B79DF3AB-032A-4692-95D5-E054A3291328}
	EndGlobalSection
EndGlobal
